PODS:
  - Flutter (1.0.0)
  - flutter_blue_plus_darwin (0.0.2):
    - Flutter
    - FlutterMacOS
  - watch_connectivity_garmin (0.0.1):
    - watch_connectivity_garmin/ConnectIQ (= 0.0.1)
    - watch_connectivity_garmin/WatchConnectivityGarmin (= 0.0.1)
  - watch_connectivity_garmin/ConnectIQ (0.0.1)
  - watch_connectivity_garmin/WatchConnectivityGarmin (0.0.1):
    - Flutter
    - watch_connectivity_garmin/ConnectIQ

DEPENDENCIES:
  - Flutter (from `Flutter`)
  - flutter_blue_plus_darwin (from `.symlinks/plugins/flutter_blue_plus_darwin/darwin`)
  - watch_connectivity_garmin (from `.symlinks/plugins/watch_connectivity_garmin/ios`)

EXTERNAL SOURCES:
  Flutter:
    :path: Flutter
  flutter_blue_plus_darwin:
    :path: ".symlinks/plugins/flutter_blue_plus_darwin/darwin"
  watch_connectivity_garmin:
    :path: ".symlinks/plugins/watch_connectivity_garmin/ios"

SPEC CHECKSUMS:
  Flutter: e0871f40cf51350855a761d2e70bf5af5b9b5de7
  flutter_blue_plus_darwin: 20a08bfeaa0f7804d524858d3d8744bcc1b6dbc3
  watch_connectivity_garmin: 7e909cda93bdb876494dfb0b87f609e75dba7f1f

PODFILE CHECKSUM: a57f30d18f102dd3ce366b1d62a55ecbef2158e5

COCOAPODS: 1.16.2
